
Microsoft Visual Studio Solution File, Format Version 12.00
# Visual Studio Version 16
VisualStudioVersion = 16.0.31729.503
MinimumVisualStudioVersion = 10.0.40219.1
Project("{FAE04EC0-301F-11D3-BF4B-00C04F79EFBC}") = "StructuresPrac", "StructuresPrac\StructuresPrac.csproj", "{E158FD2B-653D-40A2-B3B2-F3199CDA113E}"
EndProject
Global
	GlobalSection(SolutionConfigurationPlatforms) = preSolution
		Debug|Any CPU = Debug|Any CPU
		Release|Any CPU = Release|Any CPU
	EndGlobalSection
	GlobalSection(ProjectConfigurationPlatforms) = postSolution
		{E158FD2B-653D-40A2-B3B2-F3199CDA113E}.Debug|Any CPU.ActiveCfg = Debug|Any CPU
		{E158FD2B-653D-40A2-B3B2-F3199CDA113E}.Debug|Any CPU.Build.0 = Debug|Any CPU
		{E158FD2B-653D-40A2-B3B2-F3199CDA113E}.Release|Any CPU.ActiveCfg = Release|Any CPU
		{E158FD2B-653D-40A2-B3B2-F3199CDA113E}.Release|Any CPU.Build.0 = Release|Any CPU
	EndGlobalSection
	GlobalSection(SolutionProperties) = preSolution
		HideSolutionNode = FALSE
	EndGlobalSection
	GlobalSection(ExtensibilityGlobals) = postSolution
		SolutionGuid = {089E78BD-9BEC-4413-A145-A98834D77750}
	EndGlobalSection
EndGlobal
